{
    "requires": true,
    "lockfileVersion": 1,
    "dependencies": {
        "lodash.update": {
            "version": "4.10.2",
            "resolved": "https://registry.npmjs.org/lodash.update/-/lodash.update-4.10.2.tgz",
            "integrity": "sha1-namYXPBmRvUia8qOJ21YvuDbh5Y="
        }
    }
}
